
Microsoft Visual Studio Solution File, Format Version 12.00
# Visual Studio Version 17
VisualStudioVersion = 17.3.32901.215
MinimumVisualStudioVersion = 10.0.40219.1
Project("{FAE04EC0-301F-11D3-BF4B-00C04F79EFBC}") = "ConsoleApp13", "ConsoleApp13\ConsoleApp13.csproj", "{3CBFBCFC-4259-4FC4-A061-F3336A3049D9}"
EndProject
Global
	GlobalSection(SolutionConfigurationPlatforms) = preSolution
		Debug|Any CPU = Debug|Any CPU
		Release|Any CPU = Release|Any CPU
	EndGlobalSection
	GlobalSection(ProjectConfigurationPlatforms) = postSolution
		{3CBFBCFC-4259-4FC4-A061-F3336A3049D9}.Debug|Any CPU.ActiveCfg = Debug|Any CPU
		{3CBFBCFC-4259-4FC4-A061-F3336A3049D9}.Debug|Any CPU.Build.0 = Debug|Any CPU
		{3CBFBCFC-4259-4FC4-A061-F3336A3049D9}.Release|Any CPU.ActiveCfg = Release|Any CPU
		{3CBFBCFC-4259-4FC4-A061-F3336A3049D9}.Release|Any CPU.Build.0 = Release|Any CPU
	EndGlobalSection
	GlobalSection(SolutionProperties) = preSolution
		HideSolutionNode = FALSE
	EndGlobalSection
	GlobalSection(ExtensibilityGlobals) = postSolution
		SolutionGuid = {9E7DA60B-3C9A-4B62-91D7-17B687FE7F00}
	EndGlobalSection
EndGlobal
